// !$*UTF8*$!
{
	archiveVersion = 1;
	classes = {
	};
	objectVersion = 55;
	objects = {

/* Begin PBXBuildFile section */
		1632AD3527D5CAD200B42167 /* TOCView.swift in Sources */ = {isa = PBXBuildFile; fileRef = 1632AD3427D5CAD200B42167 /* TOCView.swift */; };
		1632AD3727D6277F00B42167 /* WhatNewView.swift in Sources */ = {isa = PBXBuildFile; fileRef = 1632AD3627D6277F00B42167 /* WhatNewView.swift */; };
		1632AD3F27D8719600B42167 /* SettingFont.swift in Sources */ = {isa = PBXBuildFile; fileRef = 1632AD3E27D8719600B42167 /* SettingFont.swift */; };
		16BA35C727CDDE8700694880 /* Util.swift in Sources */ = {isa = PBXBuildFile; fileRef = 16BA35C627CDDE8700694880 /* Util.swift */; };
		16C0011A27E44A5700AB6446 /* TestLawContent.swift in Sources */ = {isa = PBXBuildFile; fileRef = 16C0011227E43AA100AB6446 /* TestLawContent.swift */; };
		16C3362C27DB182500D3F1F0 /* LicenseView.swift in Sources */ = {isa = PBXBuildFile; fileRef = 16C3362B27DB182500D3F1F0 /* LicenseView.swift */; };
		16C3362E27DB18D700D3F1F0 /* LICENSE in Resources */ = {isa = PBXBuildFile; fileRef = 16C3362D27DB18D700D3F1F0 /* LICENSE */; };
		16D28E9A27CF803D001FB6B8 /* law.json in Resources */ = {isa = PBXBuildFile; fileRef = 16D28E9927CF803D001FB6B8 /* law.json */; };
		16D28E9C27CF829A001FB6B8 /* FavoriteView.swift in Sources */ = {isa = PBXBuildFile; fileRef = 16D28E9B27CF829A001FB6B8 /* FavoriteView.swift */; };
		900EBCE027D35D1C00E20FE4 /* CloseSheetItem.swift in Sources */ = {isa = PBXBuildFile; fileRef = 900EBCDF27D35D1C00E20FE4 /* CloseSheetItem.swift */; };
		900EBCE227D35E3500E20FE4 /* LawInfoView.swift in Sources */ = {isa = PBXBuildFile; fileRef = 900EBCE127D35E3500E20FE4 /* LawInfoView.swift */; };
		900EBCE427D35EAE00E20FE4 /* IconButton.swift in Sources */ = {isa = PBXBuildFile; fileRef = 900EBCE327D35EAE00E20FE4 /* IconButton.swift */; };
		900EBCE627D35FDE00E20FE4 /* LawProvider.swift in Sources */ = {isa = PBXBuildFile; fileRef = 900EBCE527D35FDE00E20FE4 /* LawProvider.swift */; };
		900EBCE827D361AE00E20FE4 /* LocalProvider.swift in Sources */ = {isa = PBXBuildFile; fileRef = 900EBCE727D361AE00E20FE4 /* LocalProvider.swift */; };
		900EBCEA27D3621700E20FE4 /* Law.swift in Sources */ = {isa = PBXBuildFile; fileRef = 900EBCE927D3621700E20FE4 /* Law.swift */; };
		900EBCED27D3815900E20FE4 /* LawData.xcdatamodeld in Sources */ = {isa = PBXBuildFile; fileRef = 900EBCEB27D3815900E20FE4 /* LawData.xcdatamodeld */; };
		902DAE5827C7CBC100926036 /* App.swift in Sources */ = {isa = PBXBuildFile; fileRef = 902DAE5727C7CBC100926036 /* App.swift */; };
		902DAE5A27C7CBC100926036 /* ContentView.swift in Sources */ = {isa = PBXBuildFile; fileRef = 902DAE5927C7CBC100926036 /* ContentView.swift */; };
		902DAE5C27C7CBC200926036 /* Assets.xcassets in Resources */ = {isa = PBXBuildFile; fileRef = 902DAE5B27C7CBC200926036 /* Assets.xcassets */; };
		902DAE5F27C7CBC200926036 /* Preview Assets.xcassets in Resources */ = {isa = PBXBuildFile; fileRef = 902DAE5E27C7CBC200926036 /* Preview Assets.xcassets */; };
		9035982C27C9012B00C8D9E7 /* LawContent.swift in Sources */ = {isa = PBXBuildFile; fileRef = 9035982B27C9012B00C8D9E7 /* LawContent.swift */; };
		9035983827C91E0300C8D9E7 /* 法律法规 in Resources */ = {isa = PBXBuildFile; fileRef = 9035983727C91E0300C8D9E7 /* 法律法规 */; };
		9035983A27C9F57D00C8D9E7 /* LawContentView.swift in Sources */ = {isa = PBXBuildFile; fileRef = 9035983927C9F57D00C8D9E7 /* LawContentView.swift */; };
		9035983C27C9F96400C8D9E7 /* SettingView.swift in Sources */ = {isa = PBXBuildFile; fileRef = 9035983B27C9F96400C8D9E7 /* SettingView.swift */; };
/* End PBXBuildFile section */

/* Begin PBXContainerItemProxy section */
		16C0011427E43AA100AB6446 /* PBXContainerItemProxy */ = {
			isa = PBXContainerItemProxy;
			containerPortal = 902DAE4C27C7CBC100926036 /* Project object */;
			proxyType = 1;
			remoteGlobalIDString = 902DAE5327C7CBC100926036;
			remoteInfo = law.handbook;
		};
/* End PBXContainerItemProxy section */

/* Begin PBXFileReference section */
		1632AD3427D5CAD200B42167 /* TOCView.swift */ = {isa = PBXFileReference; lastKnownFileType = sourcecode.swift; path = TOCView.swift; sourceTree = "<group>"; };
		1632AD3627D6277F00B42167 /* WhatNewView.swift */ = {isa = PBXFileReference; lastKnownFileType = sourcecode.swift; path = WhatNewView.swift; sourceTree = "<group>"; };
		1632AD3E27D8719600B42167 /* SettingFont.swift */ = {isa = PBXFileReference; lastKnownFileType = sourcecode.swift; path = SettingFont.swift; sourceTree = "<group>"; };
		16BA35C627CDDE8700694880 /* Util.swift */ = {isa = PBXFileReference; lastKnownFileType = sourcecode.swift; path = Util.swift; sourceTree = "<group>"; };
		16C0011027E43AA100AB6446 /* UnitTests.xctest */ = {isa = PBXFileReference; explicitFileType = wrapper.cfbundle; includeInIndex = 0; path = UnitTests.xctest; sourceTree = BUILT_PRODUCTS_DIR; };
		16C0011227E43AA100AB6446 /* TestLawContent.swift */ = {isa = PBXFileReference; lastKnownFileType = sourcecode.swift; path = TestLawContent.swift; sourceTree = "<group>"; };
		16C0011C27E44BE800AB6446 /* XCTest.framework */ = {isa = PBXFileReference; lastKnownFileType = wrapper.framework; name = XCTest.framework; path = Platforms/iPhoneOS.platform/Developer/Library/Frameworks/XCTest.framework; sourceTree = DEVELOPER_DIR; };
		16C3362B27DB182500D3F1F0 /* LicenseView.swift */ = {isa = PBXFileReference; lastKnownFileType = sourcecode.swift; path = LicenseView.swift; sourceTree = "<group>"; };
		16C3362D27DB18D700D3F1F0 /* LICENSE */ = {isa = PBXFileReference; lastKnownFileType = text; path = LICENSE; sourceTree = "<group>"; };
		16D28E9927CF803D001FB6B8 /* law.json */ = {isa = PBXFileReference; fileEncoding = 4; lastKnownFileType = text.json; path = law.json; sourceTree = "<group>"; };
		16D28E9B27CF829A001FB6B8 /* FavoriteView.swift */ = {isa = PBXFileReference; fileEncoding = 4; lastKnownFileType = sourcecode.swift; path = FavoriteView.swift; sourceTree = "<group>"; };
		900EBCDF27D35D1C00E20FE4 /* CloseSheetItem.swift */ = {isa = PBXFileReference; lastKnownFileType = sourcecode.swift; path = CloseSheetItem.swift; sourceTree = "<group>"; };
		900EBCE127D35E3500E20FE4 /* LawInfoView.swift */ = {isa = PBXFileReference; lastKnownFileType = sourcecode.swift; path = LawInfoView.swift; sourceTree = "<group>"; };
		900EBCE327D35EAE00E20FE4 /* IconButton.swift */ = {isa = PBXFileReference; lastKnownFileType = sourcecode.swift; path = IconButton.swift; sourceTree = "<group>"; };
		900EBCE527D35FDE00E20FE4 /* LawProvider.swift */ = {isa = PBXFileReference; lastKnownFileType = sourcecode.swift; path = LawProvider.swift; sourceTree = "<group>"; };
		900EBCE727D361AE00E20FE4 /* LocalProvider.swift */ = {isa = PBXFileReference; lastKnownFileType = sourcecode.swift; path = LocalProvider.swift; sourceTree = "<group>"; };
		900EBCE927D3621700E20FE4 /* Law.swift */ = {isa = PBXFileReference; lastKnownFileType = sourcecode.swift; path = Law.swift; sourceTree = "<group>"; };
		900EBCEC27D3815900E20FE4 /* LawData.xcdatamodel */ = {isa = PBXFileReference; lastKnownFileType = wrapper.xcdatamodel; path = LawData.xcdatamodel; sourceTree = "<group>"; };
		902DAE5427C7CBC100926036 /* 中国法律.app */ = {isa = PBXFileReference; explicitFileType = wrapper.application; includeInIndex = 0; path = "中国法律.app"; sourceTree = BUILT_PRODUCTS_DIR; };
		902DAE5727C7CBC100926036 /* App.swift */ = {isa = PBXFileReference; lastKnownFileType = sourcecode.swift; path = App.swift; sourceTree = "<group>"; };
		902DAE5927C7CBC100926036 /* ContentView.swift */ = {isa = PBXFileReference; lastKnownFileType = sourcecode.swift; path = ContentView.swift; sourceTree = "<group>"; };
		902DAE5B27C7CBC200926036 /* Assets.xcassets */ = {isa = PBXFileReference; lastKnownFileType = folder.assetcatalog; path = Assets.xcassets; sourceTree = "<group>"; };
		902DAE5E27C7CBC200926036 /* Preview Assets.xcassets */ = {isa = PBXFileReference; lastKnownFileType = folder.assetcatalog; path = "Preview Assets.xcassets"; sourceTree = "<group>"; };
		9035982B27C9012B00C8D9E7 /* LawContent.swift */ = {isa = PBXFileReference; lastKnownFileType = sourcecode.swift; path = LawContent.swift; sourceTree = "<group>"; };
		9035983727C91E0300C8D9E7 /* 法律法规 */ = {isa = PBXFileReference; lastKnownFileType = folder; path = "法律法规"; sourceTree = "<group>"; };
		9035983927C9F57D00C8D9E7 /* LawContentView.swift */ = {isa = PBXFileReference; lastKnownFileType = sourcecode.swift; path = LawContentView.swift; sourceTree = "<group>"; };
		9035983B27C9F96400C8D9E7 /* SettingView.swift */ = {isa = PBXFileReference; lastKnownFileType = sourcecode.swift; path = SettingView.swift; sourceTree = "<group>"; };
/* End PBXFileReference section */

/* Begin PBXFrameworksBuildPhase section */
		16C0010D27E43AA100AB6446 /* Frameworks */ = {
			isa = PBXFrameworksBuildPhase;
			buildActionMask = 2147483647;
			files = (
			);
			runOnlyForDeploymentPostprocessing = 0;
		};
		902DAE5127C7CBC100926036 /* Frameworks */ = {
			isa = PBXFrameworksBuildPhase;
			buildActionMask = 2147483647;
			files = (
			);
			runOnlyForDeploymentPostprocessing = 0;
		};
/* End PBXFrameworksBuildPhase section */

/* Begin PBXGroup section */
		16C0011127E43AA100AB6446 /* UnitTests */ = {
			isa = PBXGroup;
			children = (
				16C0011227E43AA100AB6446 /* TestLawContent.swift */,
			);
			path = UnitTests;
			sourceTree = "<group>";
		};
		900EBCDB27D35C9D00E20FE4 /* Resources */ = {
			isa = PBXGroup;
			children = (
				902DAE5B27C7CBC200926036 /* Assets.xcassets */,
				900EBCEB27D3815900E20FE4 /* LawData.xcdatamodeld */,
			);
			path = Resources;
			sourceTree = "<group>";
		};
		900EBCDC27D35CB800E20FE4 /* Views */ = {
			isa = PBXGroup;
			children = (
				16D28E9B27CF829A001FB6B8 /* FavoriteView.swift */,
				9035983B27C9F96400C8D9E7 /* SettingView.swift */,
				902DAE5927C7CBC100926036 /* ContentView.swift */,
				9035983927C9F57D00C8D9E7 /* LawContentView.swift */,
				900EBCE127D35E3500E20FE4 /* LawInfoView.swift */,
				1632AD3427D5CAD200B42167 /* TOCView.swift */,
				1632AD3627D6277F00B42167 /* WhatNewView.swift */,
				1632AD3E27D8719600B42167 /* SettingFont.swift */,
				16C3362B27DB182500D3F1F0 /* LicenseView.swift */,
			);
			path = Views;
			sourceTree = "<group>";
		};
		900EBCDD27D35CCB00E20FE4 /* Models */ = {
			isa = PBXGroup;
			children = (
				9035982B27C9012B00C8D9E7 /* LawContent.swift */,
				900EBCE527D35FDE00E20FE4 /* LawProvider.swift */,
				900EBCE727D361AE00E20FE4 /* LocalProvider.swift */,
				900EBCE927D3621700E20FE4 /* Law.swift */,
			);
			path = Models;
			sourceTree = "<group>";
		};
		900EBCDE27D35CEF00E20FE4 /* Toolbar Items */ = {
			isa = PBXGroup;
			children = (
				900EBCDF27D35D1C00E20FE4 /* CloseSheetItem.swift */,
				900EBCE327D35EAE00E20FE4 /* IconButton.swift */,
			);
			path = "Toolbar Items";
			sourceTree = "<group>";
		};
		900EBCEE27D3844600E20FE4 /* Frameworks */ = {
			isa = PBXGroup;
			children = (
				16C0011C27E44BE800AB6446 /* XCTest.framework */,
			);
			name = Frameworks;
			sourceTree = "<group>";
		};
		900EBCF127D38AFF00E20FE4 /* Handbook */ = {
			isa = PBXGroup;
			children = (
				902DAE5727C7CBC100926036 /* App.swift */,
				16BA35C627CDDE8700694880 /* Util.swift */,
				900EBCDE27D35CEF00E20FE4 /* Toolbar Items */,
				900EBCDD27D35CCB00E20FE4 /* Models */,
				900EBCDC27D35CB800E20FE4 /* Views */,
				900EBCDB27D35C9D00E20FE4 /* Resources */,
			);
			path = Handbook;
			sourceTree = "<group>";
		};
		902DAE4B27C7CBC100926036 = {
			isa = PBXGroup;
			children = (
				16C3362D27DB18D700D3F1F0 /* LICENSE */,
				16C0011127E43AA100AB6446 /* UnitTests */,
				902DAE5527C7CBC100926036 /* Products */,
				900EBCF127D38AFF00E20FE4 /* Handbook */,
				902DAE5D27C7CBC200926036 /* Preview Content */,
				16D28E9927CF803D001FB6B8 /* law.json */,
				9035983727C91E0300C8D9E7 /* 法律法规 */,
				900EBCEE27D3844600E20FE4 /* Frameworks */,
			);
			sourceTree = "<group>";
		};
		902DAE5527C7CBC100926036 /* Products */ = {
			isa = PBXGroup;
			children = (
				902DAE5427C7CBC100926036 /* 中国法律.app */,
				16C0011027E43AA100AB6446 /* UnitTests.xctest */,
			);
			name = Products;
			sourceTree = "<group>";
		};
		902DAE5D27C7CBC200926036 /* Preview Content */ = {
			isa = PBXGroup;
			children = (
				902DAE5E27C7CBC200926036 /* Preview Assets.xcassets */,
			);
			path = "Preview Content";
			sourceTree = "<group>";
		};
/* End PBXGroup section */

/* Begin PBXNativeTarget section */
		16C0010F27E43AA100AB6446 /* UnitTests */ = {
			isa = PBXNativeTarget;
			buildConfigurationList = 16C0011827E43AA100AB6446 /* Build configuration list for PBXNativeTarget "UnitTests" */;
			buildPhases = (
				16C0010C27E43AA100AB6446 /* Sources */,
				16C0010D27E43AA100AB6446 /* Frameworks */,
				16C0010E27E43AA100AB6446 /* Resources */,
			);
			buildRules = (
			);
			dependencies = (
				16C0011527E43AA100AB6446 /* PBXTargetDependency */,
			);
			name = UnitTests;
			productName = UnitTests;
			productReference = 16C0011027E43AA100AB6446 /* UnitTests.xctest */;
			productType = "com.apple.product-type.bundle.unit-test";
		};
		902DAE5327C7CBC100926036 /* RefBook */ = {
			isa = PBXNativeTarget;
			buildConfigurationList = 902DAE6227C7CBC200926036 /* Build configuration list for PBXNativeTarget "RefBook" */;
			buildPhases = (
				902DAE5027C7CBC100926036 /* Sources */,
				902DAE5127C7CBC100926036 /* Frameworks */,
				902DAE5227C7CBC100926036 /* Resources */,
			);
			buildRules = (
			);
			dependencies = (
			);
			name = RefBook;
			productName = law.handbook;
			productReference = 902DAE5427C7CBC100926036 /* 中国法律.app */;
			productType = "com.apple.product-type.application";
		};
/* End PBXNativeTarget section */

/* Begin PBXProject section */
		902DAE4C27C7CBC100926036 /* Project object */ = {
			isa = PBXProject;
			attributes = {
				BuildIndependentTargetsInParallel = 1;
				LastSwiftUpdateCheck = 1330;
				LastUpgradeCheck = 1320;
				TargetAttributes = {
					16C0010F27E43AA100AB6446 = {
						CreatedOnToolsVersion = 13.3;
						TestTargetID = 902DAE5327C7CBC100926036;
					};
					902DAE5327C7CBC100926036 = {
						CreatedOnToolsVersion = 13.2.1;
					};
				};
			};
			buildConfigurationList = 902DAE4F27C7CBC100926036 /* Build configuration list for PBXProject "law.handbook" */;
			compatibilityVersion = "Xcode 13.0";
			developmentRegion = "zh-Hans";
			hasScannedForEncodings = 0;
			knownRegions = (
				"zh-Hans",
			);
			mainGroup = 902DAE4B27C7CBC100926036;
			productRefGroup = 902DAE5527C7CBC100926036 /* Products */;
			projectDirPath = "";
			projectRoot = "";
			targets = (
				902DAE5327C7CBC100926036 /* RefBook */,
				16C0010F27E43AA100AB6446 /* UnitTests */,
			);
		};
/* End PBXProject section */

/* Begin PBXResourcesBuildPhase section */
		16C0010E27E43AA100AB6446 /* Resources */ = {
			isa = PBXResourcesBuildPhase;
			buildActionMask = 2147483647;
			files = (
			);
			runOnlyForDeploymentPostprocessing = 0;
		};
		902DAE5227C7CBC100926036 /* Resources */ = {
			isa = PBXResourcesBuildPhase;
			buildActionMask = 2147483647;
			files = (
				16D28E9A27CF803D001FB6B8 /* law.json in Resources */,
				9035983827C91E0300C8D9E7 /* 法律法规 in Resources */,
				902DAE5F27C7CBC200926036 /* Preview Assets.xcassets in Resources */,
				902DAE5C27C7CBC200926036 /* Assets.xcassets in Resources */,
				16C3362E27DB18D700D3F1F0 /* LICENSE in Resources */,
			);
			runOnlyForDeploymentPostprocessing = 0;
		};
/* End PBXResourcesBuildPhase section */

/* Begin PBXSourcesBuildPhase section */
		16C0010C27E43AA100AB6446 /* Sources */ = {
			isa = PBXSourcesBuildPhase;
			buildActionMask = 2147483647;
			files = (
				16C0011A27E44A5700AB6446 /* TestLawContent.swift in Sources */,
			);
			runOnlyForDeploymentPostprocessing = 0;
		};
		902DAE5027C7CBC100926036 /* Sources */ = {
			isa = PBXSourcesBuildPhase;
			buildActionMask = 2147483647;
			files = (
				900EBCED27D3815900E20FE4 /* LawData.xcdatamodeld in Sources */,
				900EBCE027D35D1C00E20FE4 /* CloseSheetItem.swift in Sources */,
				902DAE5A27C7CBC100926036 /* ContentView.swift in Sources */,
				900EBCE627D35FDE00E20FE4 /* LawProvider.swift in Sources */,
				16C3362C27DB182500D3F1F0 /* LicenseView.swift in Sources */,
				9035983C27C9F96400C8D9E7 /* SettingView.swift in Sources */,
				1632AD3727D6277F00B42167 /* WhatNewView.swift in Sources */,
				9035983A27C9F57D00C8D9E7 /* LawContentView.swift in Sources */,
				900EBCE427D35EAE00E20FE4 /* IconButton.swift in Sources */,
				900EBCEA27D3621700E20FE4 /* Law.swift in Sources */,
				902DAE5827C7CBC100926036 /* App.swift in Sources */,
				1632AD3F27D8719600B42167 /* SettingFont.swift in Sources */,
				16BA35C727CDDE8700694880 /* Util.swift in Sources */,
				16D28E9C27CF829A001FB6B8 /* FavoriteView.swift in Sources */,
				900EBCE827D361AE00E20FE4 /* LocalProvider.swift in Sources */,
				1632AD3527D5CAD200B42167 /* TOCView.swift in Sources */,
				9035982C27C9012B00C8D9E7 /* LawContent.swift in Sources */,
				900EBCE227D35E3500E20FE4 /* LawInfoView.swift in Sources */,
			);
			runOnlyForDeploymentPostprocessing = 0;
		};
/* End PBXSourcesBuildPhase section */

/* Begin PBXTargetDependency section */
		16C0011527E43AA100AB6446 /* PBXTargetDependency */ = {
			isa = PBXTargetDependency;
			target = 902DAE5327C7CBC100926036 /* RefBook */;
			targetProxy = 16C0011427E43AA100AB6446 /* PBXContainerItemProxy */;
		};
/* End PBXTargetDependency section */

/* Begin XCBuildConfiguration section */
		16C0011627E43AA100AB6446 /* Debug */ = {
			isa = XCBuildConfiguration;
			buildSettings = {
				BUNDLE_LOADER = "$(TEST_HOST)";
				CODE_SIGN_STYLE = Automatic;
				CURRENT_PROJECT_VERSION = 1;
				DEVELOPMENT_TEAM = YFKW2KV54P;
				GENERATE_INFOPLIST_FILE = YES;
				IPHONEOS_DEPLOYMENT_TARGET = 15.0;
				MARKETING_VERSION = 1.0;
				PRODUCT_BUNDLE_IDENTIFIER = "xyz.rankkki.law-handbook.UnitTests";
				PRODUCT_NAME = "$(TARGET_NAME)";
				SWIFT_EMIT_LOC_STRINGS = NO;
				SWIFT_VERSION = 5.0;
				TARGETED_DEVICE_FAMILY = "1,2";
				TEST_HOST = "$(BUILT_PRODUCTS_DIR)/中国法律.app/中国法律";
			};
			name = Debug;
		};
		16C0011727E43AA100AB6446 /* Release */ = {
			isa = XCBuildConfiguration;
			buildSettings = {
				BUNDLE_LOADER = "$(TEST_HOST)";
				CODE_SIGN_STYLE = Automatic;
				CURRENT_PROJECT_VERSION = 1;
				DEVELOPMENT_TEAM = YFKW2KV54P;
				GENERATE_INFOPLIST_FILE = YES;
				IPHONEOS_DEPLOYMENT_TARGET = 15.0;
				MARKETING_VERSION = 1.0;
				PRODUCT_BUNDLE_IDENTIFIER = "xyz.rankkki.law-handbook.UnitTests";
				PRODUCT_NAME = "$(TARGET_NAME)";
				SWIFT_EMIT_LOC_STRINGS = NO;
				SWIFT_VERSION = 5.0;
				TARGETED_DEVICE_FAMILY = "1,2";
				TEST_HOST = "$(BUILT_PRODUCTS_DIR)/中国法律.app/中国法律";
			};
			name = Release;
		};
		902DAE6027C7CBC200926036 /* Debug */ = {
			isa = XCBuildConfiguration;
			buildSettings = {
				ALWAYS_SEARCH_USER_PATHS = NO;
				CLANG_ANALYZER_NONNULL = YES;
				CLANG_ANALYZER_NUMBER_OBJECT_CONVERSION = YES_AGGRESSIVE;
				CLANG_CXX_LANGUAGE_STANDARD = "gnu++17";
				CLANG_CXX_LIBRARY = "libc++";
				CLANG_ENABLE_MODULES = YES;
				CLANG_ENABLE_OBJC_ARC = YES;
				CLANG_ENABLE_OBJC_WEAK = YES;
				CLANG_WARN_BLOCK_CAPTURE_AUTORELEASING = YES;
				CLANG_WARN_BOOL_CONVERSION = YES;
				CLANG_WARN_COMMA = YES;
				CLANG_WARN_CONSTANT_CONVERSION = YES;
				CLANG_WARN_DEPRECATED_OBJC_IMPLEMENTATIONS = YES;
				CLANG_WARN_DIRECT_OBJC_ISA_USAGE = YES_ERROR;
				CLANG_WARN_DOCUMENTATION_COMMENTS = YES;
				CLANG_WARN_EMPTY_BODY = YES;
				CLANG_WARN_ENUM_CONVERSION = YES;
				CLANG_WARN_INFINITE_RECURSION = YES;
				CLANG_WARN_INT_CONVERSION = YES;
				CLANG_WARN_NON_LITERAL_NULL_CONVERSION = YES;
				CLANG_WARN_OBJC_IMPLICIT_RETAIN_SELF = YES;
				CLANG_WARN_OBJC_LITERAL_CONVERSION = YES;
				CLANG_WARN_OBJC_ROOT_CLASS = YES_ERROR;
				CLANG_WARN_QUOTED_INCLUDE_IN_FRAMEWORK_HEADER = YES;
				CLANG_WARN_RANGE_LOOP_ANALYSIS = YES;
				CLANG_WARN_STRICT_PROTOTYPES = YES;
				CLANG_WARN_SUSPICIOUS_MOVE = YES;
				CLANG_WARN_UNGUARDED_AVAILABILITY = YES_AGGRESSIVE;
				CLANG_WARN_UNREACHABLE_CODE = YES;
				CLANG_WARN__DUPLICATE_METHOD_MATCH = YES;
				COPY_PHASE_STRIP = NO;
				DEBUG_INFORMATION_FORMAT = dwarf;
				ENABLE_STRICT_OBJC_MSGSEND = YES;
				ENABLE_TESTABILITY = YES;
				GCC_C_LANGUAGE_STANDARD = gnu11;
				GCC_DYNAMIC_NO_PIC = NO;
				GCC_NO_COMMON_BLOCKS = YES;
				GCC_OPTIMIZATION_LEVEL = 0;
				GCC_PREPROCESSOR_DEFINITIONS = (
					"DEBUG=1",
					"$(inherited)",
				);
				GCC_WARN_64_TO_32_BIT_CONVERSION = YES;
				GCC_WARN_ABOUT_RETURN_TYPE = YES_ERROR;
				GCC_WARN_UNDECLARED_SELECTOR = YES;
				GCC_WARN_UNINITIALIZED_AUTOS = YES_AGGRESSIVE;
				GCC_WARN_UNUSED_FUNCTION = YES;
				GCC_WARN_UNUSED_VARIABLE = YES;
				IPHONEOS_DEPLOYMENT_TARGET = 15.0;
				MTL_ENABLE_DEBUG_INFO = INCLUDE_SOURCE;
				MTL_FAST_MATH = YES;
				ONLY_ACTIVE_ARCH = YES;
				SDKROOT = iphoneos;
				SWIFT_ACTIVE_COMPILATION_CONDITIONS = DEBUG;
				SWIFT_OPTIMIZATION_LEVEL = "-Onone";
			};
			name = Debug;
		};
		902DAE6127C7CBC200926036 /* Release */ = {
			isa = XCBuildConfiguration;
			buildSettings = {
				ALWAYS_SEARCH_USER_PATHS = NO;
				CLANG_ANALYZER_NONNULL = YES;
				CLANG_ANALYZER_NUMBER_OBJECT_CONVERSION = YES_AGGRESSIVE;
				CLANG_CXX_LANGUAGE_STANDARD = "gnu++17";
				CLANG_CXX_LIBRARY = "libc++";
				CLANG_ENABLE_MODULES = YES;
				CLANG_ENABLE_OBJC_ARC = YES;
				CLANG_ENABLE_OBJC_WEAK = YES;
				CLANG_WARN_BLOCK_CAPTURE_AUTORELEASING = YES;
				CLANG_WARN_BOOL_CONVERSION = YES;
				CLANG_WARN_COMMA = YES;
				CLANG_WARN_CONSTANT_CONVERSION = YES;
				CLANG_WARN_DEPRECATED_OBJC_IMPLEMENTATIONS = YES;
				CLANG_WARN_DIRECT_OBJC_ISA_USAGE = YES_ERROR;
				CLANG_WARN_DOCUMENTATION_COMMENTS = YES;
				CLANG_WARN_EMPTY_BODY = YES;
				CLANG_WARN_ENUM_CONVERSION = YES;
				CLANG_WARN_INFINITE_RECURSION = YES;
				CLANG_WARN_INT_CONVERSION = YES;
				CLANG_WARN_NON_LITERAL_NULL_CONVERSION = YES;
				CLANG_WARN_OBJC_IMPLICIT_RETAIN_SELF = YES;
				CLANG_WARN_OBJC_LITERAL_CONVERSION = YES;
				CLANG_WARN_OBJC_ROOT_CLASS = YES_ERROR;
				CLANG_WARN_QUOTED_INCLUDE_IN_FRAMEWORK_HEADER = YES;
				CLANG_WARN_RANGE_LOOP_ANALYSIS = YES;
				CLANG_WARN_STRICT_PROTOTYPES = YES;
				CLANG_WARN_SUSPICIOUS_MOVE = YES;
				CLANG_WARN_UNGUARDED_AVAILABILITY = YES_AGGRESSIVE;
				CLANG_WARN_UNREACHABLE_CODE = YES;
				CLANG_WARN__DUPLICATE_METHOD_MATCH = YES;
				COPY_PHASE_STRIP = NO;
				DEBUG_INFORMATION_FORMAT = "dwarf-with-dsym";
				ENABLE_NS_ASSERTIONS = NO;
				ENABLE_STRICT_OBJC_MSGSEND = YES;
				GCC_C_LANGUAGE_STANDARD = gnu11;
				GCC_NO_COMMON_BLOCKS = YES;
				GCC_WARN_64_TO_32_BIT_CONVERSION = YES;
				GCC_WARN_ABOUT_RETURN_TYPE = YES_ERROR;
				GCC_WARN_UNDECLARED_SELECTOR = YES;
				GCC_WARN_UNINITIALIZED_AUTOS = YES_AGGRESSIVE;
				GCC_WARN_UNUSED_FUNCTION = YES;
				GCC_WARN_UNUSED_VARIABLE = YES;
				IPHONEOS_DEPLOYMENT_TARGET = 15.0;
				MTL_ENABLE_DEBUG_INFO = NO;
				MTL_FAST_MATH = YES;
				SDKROOT = iphoneos;
				SWIFT_COMPILATION_MODE = wholemodule;
				SWIFT_OPTIMIZATION_LEVEL = "-O";
				VALIDATE_PRODUCT = YES;
			};
			name = Release;
		};
		902DAE6327C7CBC200926036 /* Debug */ = {
			isa = XCBuildConfiguration;
			buildSettings = {
				ASSETCATALOG_COMPILER_APPICON_NAME = AppIcon;
				ASSETCATALOG_COMPILER_GLOBAL_ACCENT_COLOR_NAME = AccentColor;
				CODE_SIGN_STYLE = Automatic;
				CURRENT_PROJECT_VERSION = 10;
				DEVELOPMENT_ASSET_PATHS = "\"Preview Content\"";
				DEVELOPMENT_TEAM = YFKW2KV54P;
				ENABLE_PREVIEWS = YES;
				ENABLE_TESTING_SEARCH_PATHS = YES;
				GENERATE_INFOPLIST_FILE = YES;
				INFOPLIST_KEY_UIApplicationSceneManifest_Generation = YES;
				INFOPLIST_KEY_UIApplicationSupportsIndirectInputEvents = YES;
				INFOPLIST_KEY_UILaunchScreen_Generation = YES;
				INFOPLIST_KEY_UISupportedInterfaceOrientations_iPad = "UIInterfaceOrientationPortrait UIInterfaceOrientationPortraitUpsideDown UIInterfaceOrientationLandscapeLeft UIInterfaceOrientationLandscapeRight";
				INFOPLIST_KEY_UISupportedInterfaceOrientations_iPhone = "UIInterfaceOrientationPortrait UIInterfaceOrientationLandscapeLeft UIInterfaceOrientationLandscapeRight";
				IPHONEOS_DEPLOYMENT_TARGET = 15.0;
				LD_RUNPATH_SEARCH_PATHS = (
					"$(inherited)",
					"@executable_path/Frameworks",
				);
				MARKETING_VERSION = 0.3.5;
				PRODUCT_BUNDLE_IDENTIFIER = "xyz.rankki.law-handbook";
				PRODUCT_NAME = "中国法律";
				SUPPORTS_MACCATALYST = NO;
				SWIFT_EMIT_LOC_STRINGS = YES;
				SWIFT_VERSION = 5.0;
				TARGETED_DEVICE_FAMILY = "1,2";
			};
			name = Debug;
		};
		902DAE6427C7CBC200926036 /* Release */ = {
			isa = XCBuildConfiguration;
			buildSettings = {
				ASSETCATALOG_COMPILER_APPICON_NAME = AppIcon;
				ASSETCATALOG_COMPILER_GLOBAL_ACCENT_COLOR_NAME = AccentColor;
				CODE_SIGN_STYLE = Automatic;
				CURRENT_PROJECT_VERSION = 10;
				DEVELOPMENT_ASSET_PATHS = "\"Preview Content\"";
				DEVELOPMENT_TEAM = YFKW2KV54P;
				ENABLE_PREVIEWS = YES;
				ENABLE_TESTING_SEARCH_PATHS = YES;
				GENERATE_INFOPLIST_FILE = YES;
				INFOPLIST_KEY_UIApplicationSceneManifest_Generation = YES;
				INFOPLIST_KEY_UIApplicationSupportsIndirectInputEvents = YES;
				INFOPLIST_KEY_UILaunchScreen_Generation = YES;
				INFOPLIST_KEY_UISupportedInterfaceOrientations_iPad = "UIInterfaceOrientationPortrait UIInterfaceOrientationPortraitUpsideDown UIInterfaceOrientationLandscapeLeft UIInterfaceOrientationLandscapeRight";
				INFOPLIST_KEY_UISupportedInterfaceOrientations_iPhone = "UIInterfaceOrientationPortrait UIInterfaceOrientationLandscapeLeft UIInterfaceOrientationLandscapeRight";
				IPHONEOS_DEPLOYMENT_TARGET = 15.0;
				LD_RUNPATH_SEARCH_PATHS = (
					"$(inherited)",
					"@executable_path/Frameworks",
				);
				MARKETING_VERSION = 0.3.5;
				PRODUCT_BUNDLE_IDENTIFIER = "xyz.rankki.law-handbook";
				PRODUCT_NAME = "中国法律";
				SUPPORTS_MACCATALYST = NO;
				SWIFT_EMIT_LOC_STRINGS = YES;
				SWIFT_VERSION = 5.0;
				TARGETED_DEVICE_FAMILY = "1,2";
			};
			name = Release;
		};
/* End XCBuildConfiguration section */

/* Begin XCConfigurationList section */
		16C0011827E43AA100AB6446 /* Build configuration list for PBXNativeTarget "UnitTests" */ = {
			isa = XCConfigurationList;
			buildConfigurations = (
				16C0011627E43AA100AB6446 /* Debug */,
				16C0011727E43AA100AB6446 /* Release */,
			);
			defaultConfigurationIsVisible = 0;
			defaultConfigurationName = Release;
		};
		902DAE4F27C7CBC100926036 /* Build configuration list for PBXProject "law.handbook" */ = {
			isa = XCConfigurationList;
			buildConfigurations = (
				902DAE6027C7CBC200926036 /* Debug */,
				902DAE6127C7CBC200926036 /* Release */,
			);
			defaultConfigurationIsVisible = 0;
			defaultConfigurationName = Release;
		};
		902DAE6227C7CBC200926036 /* Build configuration list for PBXNativeTarget "RefBook" */ = {
			isa = XCConfigurationList;
			buildConfigurations = (
				902DAE6327C7CBC200926036 /* Debug */,
				902DAE6427C7CBC200926036 /* Release */,
			);
			defaultConfigurationIsVisible = 0;
			defaultConfigurationName = Release;
		};
/* End XCConfigurationList section */

/* Begin XCVersionGroup section */
		900EBCEB27D3815900E20FE4 /* LawData.xcdatamodeld */ = {
			isa = XCVersionGroup;
			children = (
				900EBCEC27D3815900E20FE4 /* LawData.xcdatamodel */,
			);
			currentVersion = 900EBCEC27D3815900E20FE4 /* LawData.xcdatamodel */;
			path = LawData.xcdatamodeld;
			sourceTree = "<group>";
			versionGroupType = wrapper.xcdatamodel;
		};
/* End XCVersionGroup section */
	};
	rootObject = 902DAE4C27C7CBC100926036 /* Project object */;
}
