// !$*UTF8*$!
{
	archiveVersion = 1;
	classes = {
	};
	objectVersion = 55;
	objects = {

/* Begin PBXBuildFile section */
		16151CAE27E842E500E09E0C /* Laws in Resources */ = {isa = PBXBuildFile; fileRef = 16151CAD27E842E500E09E0C /* Laws */; };
		1632AD3527D5CAD200B42167 /* TOCView.swift in Sources */ = {isa = PBXBuildFile; fileRef = 1632AD3427D5CAD200B42167 /* TOCView.swift */; };
		1632AD3727D6277F00B42167 /* WhatNewView.swift in Sources */ = {isa = PBXBuildFile; fileRef = 1632AD3627D6277F00B42167 /* WhatNewView.swift */; };
		1632AD3F27D8719600B42167 /* SettingFont.swift in Sources */ = {isa = PBXBuildFile; fileRef = 1632AD3E27D8719600B42167 /* SettingFont.swift */; };
		16BA35C727CDDE8700694880 /* Util.swift in Sources */ = {isa = PBXBuildFile; fileRef = 16BA35C627CDDE8700694880 /* Util.swift */; };
		16C0011A27E44A5700AB6446 /* TestLawContent.swift in Sources */ = {isa = PBXBuildFile; fileRef = 16C0011227E43AA100AB6446 /* TestLawContent.swift */; };
		16C3362C27DB182500D3F1F0 /* LicenseView.swift in Sources */ = {isa = PBXBuildFile; fileRef = 16C3362B27DB182500D3F1F0 /* LicenseView.swift */; };
		16C3362E27DB18D700D3F1F0 /* LICENSE in Resources */ = {isa = PBXBuildFile; fileRef = 16C3362D27DB18D700D3F1F0 /* LICENSE */; };
		16D28E9C27CF829A001FB6B8 /* FavoriteView.swift in Sources */ = {isa = PBXBuildFile; fileRef = 16D28E9B27CF829A001FB6B8 /* FavoriteView.swift */; };
		900EBCE027D35D1C00E20FE4 /* CloseSheetItem.swift in Sources */ = {isa = PBXBuildFile; fileRef = 900EBCDF27D35D1C00E20FE4 /* CloseSheetItem.swift */; };
		900EBCE227D35E3500E20FE4 /* LawInfoView.swift in Sources */ = {isa = PBXBuildFile; fileRef = 900EBCE127D35E3500E20FE4 /* LawInfoView.swift */; };
		900EBCE427D35EAE00E20FE4 /* IconButton.swift in Sources */ = {isa = PBXBuildFile; fileRef = 900EBCE327D35EAE00E20FE4 /* IconButton.swift */; };
		900EBCE627D35FDE00E20FE4 /* LocalProvider.swift in Sources */ = {isa = PBXBuildFile; fileRef = 900EBCE527D35FDE00E20FE4 /* LocalProvider.swift */; };
		900EBCEA27D3621700E20FE4 /* Law.swift in Sources */ = {isa = PBXBuildFile; fileRef = 900EBCE927D3621700E20FE4 /* Law.swift */; };
		900EBCED27D3815900E20FE4 /* LawData.xcdatamodeld in Sources */ = {isa = PBXBuildFile; fileRef = 900EBCEB27D3815900E20FE4 /* LawData.xcdatamodeld */; };
		9016D22427E61BEA0027D69D /* Alert.swift in Sources */ = {isa = PBXBuildFile; fileRef = 9016D22327E61BEA0027D69D /* Alert.swift */; };
		90193EF827F57E78008CF0A6 /* ContentView.swift in Sources */ = {isa = PBXBuildFile; fileRef = 90193EF727F57E78008CF0A6 /* ContentView.swift */; };
		90193EFA27F57E93008CF0A6 /* LawListViewModel.swift in Sources */ = {isa = PBXBuildFile; fileRef = 90193EF927F57E93008CF0A6 /* LawListViewModel.swift */; };
		90193EFC27F5985E008CF0A6 /* View.swift in Sources */ = {isa = PBXBuildFile; fileRef = 90193EFB27F5985E008CF0A6 /* View.swift */; };
		90193EFE27F599A5008CF0A6 /* WelcomeView.swift in Sources */ = {isa = PBXBuildFile; fileRef = 90193EFD27F599A5008CF0A6 /* WelcomeView.swift */; };
		90193F0027F5A376008CF0A6 /* Consts.swift in Sources */ = {isa = PBXBuildFile; fileRef = 90193EFF27F5A376008CF0A6 /* Consts.swift */; };
		90193F0227F6B066008CF0A6 /* TestRegularExp.swift in Sources */ = {isa = PBXBuildFile; fileRef = 90193F0127F6B066008CF0A6 /* TestRegularExp.swift */; };
		901AE3B227FFFBB100D5D275 /* TestStringExtension.swift in Sources */ = {isa = PBXBuildFile; fileRef = 901AE3B127FFFBB100D5D275 /* TestStringExtension.swift */; };
		901D199F2847565C00999AE6 /* QRCode.swift in Sources */ = {isa = PBXBuildFile; fileRef = 901D199D2847565C00999AE6 /* QRCode.swift */; };
		901D19A02847565C00999AE6 /* Snapshot.swift in Sources */ = {isa = PBXBuildFile; fileRef = 901D199E2847565C00999AE6 /* Snapshot.swift */; };
		901D19A2284756A200999AE6 /* ShareByPhotoView.swift in Sources */ = {isa = PBXBuildFile; fileRef = 901D19A1284756A200999AE6 /* ShareByPhotoView.swift */; };
		902DAE5827C7CBC100926036 /* App.swift in Sources */ = {isa = PBXBuildFile; fileRef = 902DAE5727C7CBC100926036 /* App.swift */; };
		902DAE5C27C7CBC200926036 /* Assets.xcassets in Resources */ = {isa = PBXBuildFile; fileRef = 902DAE5B27C7CBC200926036 /* Assets.xcassets */; };
		902DAE5F27C7CBC200926036 /* Preview Assets.xcassets in Resources */ = {isa = PBXBuildFile; fileRef = 902DAE5E27C7CBC200926036 /* Preview Assets.xcassets */; };
		9035982C27C9012B00C8D9E7 /* LawContent.swift in Sources */ = {isa = PBXBuildFile; fileRef = 9035982B27C9012B00C8D9E7 /* LawContent.swift */; };
		9035983A27C9F57D00C8D9E7 /* LawContentView.swift in Sources */ = {isa = PBXBuildFile; fileRef = 9035983927C9F57D00C8D9E7 /* LawContentView.swift */; };
		9035983C27C9F96400C8D9E7 /* SettingView.swift in Sources */ = {isa = PBXBuildFile; fileRef = 9035983B27C9F96400C8D9E7 /* SettingView.swift */; };
		903A8902280C145300EECBC7 /* SearchHistoryView.swift in Sources */ = {isa = PBXBuildFile; fileRef = 903A8901280C145300EECBC7 /* SearchHistoryView.swift */; };
		903A8904280C2D7C00EECBC7 /* LawContentViewModel.swift in Sources */ = {isa = PBXBuildFile; fileRef = 903A8903280C2D7C00EECBC7 /* LawContentViewModel.swift */; };
		903F5326280E555200D4523D /* Persistence.swift in Sources */ = {isa = PBXBuildFile; fileRef = 903F5325280E555200D4523D /* Persistence.swift */; };
		903F5328280E5C6D00D4523D /* StoreKit.framework in Frameworks */ = {isa = PBXBuildFile; fileRef = 903F5327280E5C6D00D4523D /* StoreKit.framework */; };
		903F532B280E5CA100D4523D /* InAppPurchaseHandler.swift in Sources */ = {isa = PBXBuildFile; fileRef = 903F532A280E5CA100D4523D /* InAppPurchaseHandler.swift */; };
		903F532D280E5D4600D4523D /* InAppPurchaseView.swift in Sources */ = {isa = PBXBuildFile; fileRef = 903F532C280E5D4600D4523D /* InAppPurchaseView.swift */; };
		903F532F280E5DC000D4523D /* InAppPurchaseViewModel.swift in Sources */ = {isa = PBXBuildFile; fileRef = 903F532E280E5DC000D4523D /* InAppPurchaseViewModel.swift */; };
		905B83D627F83BFD00F951E9 /* FileUtil.swift in Sources */ = {isa = PBXBuildFile; fileRef = 905B83D527F83BFD00F951E9 /* FileUtil.swift */; };
		906E36A428053BF400A5CC39 /* Safari.swift in Sources */ = {isa = PBXBuildFile; fileRef = 906E36A328053BF400A5CC39 /* Safari.swift */; };
		909AE292281F6B3A008679C4 /* LawDatabase.swift in Sources */ = {isa = PBXBuildFile; fileRef = 909AE291281F6B3A008679C4 /* LawDatabase.swift */; };
		909AE295281F6B84008679C4 /* SQLite in Frameworks */ = {isa = PBXBuildFile; productRef = 909AE294281F6B84008679C4 /* SQLite */; };
		90A22C27281FCFB300B5DC24 /* TLaw.swift in Sources */ = {isa = PBXBuildFile; fileRef = 90A22C26281FCFB300B5DC24 /* TLaw.swift */; };
		90A22C2A281FCFEC00B5DC24 /* TCategory.swift in Sources */ = {isa = PBXBuildFile; fileRef = 90A22C29281FCFEC00B5DC24 /* TCategory.swift */; };
		90A22C2C2820DDBD00B5DC24 /* TestData.swift in Sources */ = {isa = PBXBuildFile; fileRef = 90A22C2B2820DDBD00B5DC24 /* TestData.swift */; };
		90A22C32282239FA00B5DC24 /* SheetManager.swift in Sources */ = {isa = PBXBuildFile; fileRef = 90A22C31282239FA00B5DC24 /* SheetManager.swift */; };
		90A79118280D0AD3003367CB /* SearchHistoryUtil.swift in Sources */ = {isa = PBXBuildFile; fileRef = 90A79117280D0AD3003367CB /* SearchHistoryUtil.swift */; };
		90A7911B280D34F0003367CB /* CloudKit.framework in Frameworks */ = {isa = PBXBuildFile; fileRef = 90A7911A280D34F0003367CB /* CloudKit.framework */; };
		90AC432528124E8600AFECB8 /* SPAlert in Frameworks */ = {isa = PBXBuildFile; productRef = 90AC432428124E8600AFECB8 /* SPAlert */; };
		90B74D7827E4DB1B00723535 /* Spotlight.swift in Sources */ = {isa = PBXBuildFile; fileRef = 90B74D7727E4DB1B00723535 /* Spotlight.swift */; };
/* End PBXBuildFile section */

/* Begin PBXContainerItemProxy section */
		16C0011427E43AA100AB6446 /* PBXContainerItemProxy */ = {
			isa = PBXContainerItemProxy;
			containerPortal = 902DAE4C27C7CBC100926036 /* Project object */;
			proxyType = 1;
			remoteGlobalIDString = 902DAE5327C7CBC100926036;
			remoteInfo = law.handbook;
		};
/* End PBXContainerItemProxy section */

/* Begin PBXFileReference section */
		16151CAD27E842E500E09E0C /* Laws */ = {isa = PBXFileReference; lastKnownFileType = folder; path = Laws; sourceTree = "<group>"; };
		1632AD3427D5CAD200B42167 /* TOCView.swift */ = {isa = PBXFileReference; lastKnownFileType = sourcecode.swift; path = TOCView.swift; sourceTree = "<group>"; };
		1632AD3627D6277F00B42167 /* WhatNewView.swift */ = {isa = PBXFileReference; lastKnownFileType = sourcecode.swift; path = WhatNewView.swift; sourceTree = "<group>"; };
		1632AD3E27D8719600B42167 /* SettingFont.swift */ = {isa = PBXFileReference; lastKnownFileType = sourcecode.swift; path = SettingFont.swift; sourceTree = "<group>"; };
		16BA35C627CDDE8700694880 /* Util.swift */ = {isa = PBXFileReference; lastKnownFileType = sourcecode.swift; path = Util.swift; sourceTree = "<group>"; };
		16C0011027E43AA100AB6446 /* UnitTests.xctest */ = {isa = PBXFileReference; explicitFileType = wrapper.cfbundle; includeInIndex = 0; path = UnitTests.xctest; sourceTree = BUILT_PRODUCTS_DIR; };
		16C0011227E43AA100AB6446 /* TestLawContent.swift */ = {isa = PBXFileReference; lastKnownFileType = sourcecode.swift; path = TestLawContent.swift; sourceTree = "<group>"; };
		16C0011C27E44BE800AB6446 /* XCTest.framework */ = {isa = PBXFileReference; lastKnownFileType = wrapper.framework; name = XCTest.framework; path = Platforms/iPhoneOS.platform/Developer/Library/Frameworks/XCTest.framework; sourceTree = DEVELOPER_DIR; };
		16C3362B27DB182500D3F1F0 /* LicenseView.swift */ = {isa = PBXFileReference; lastKnownFileType = sourcecode.swift; path = LicenseView.swift; sourceTree = "<group>"; };
		16C3362D27DB18D700D3F1F0 /* LICENSE */ = {isa = PBXFileReference; lastKnownFileType = text; path = LICENSE; sourceTree = "<group>"; };
		16D28E9B27CF829A001FB6B8 /* FavoriteView.swift */ = {isa = PBXFileReference; fileEncoding = 4; lastKnownFileType = sourcecode.swift; path = FavoriteView.swift; sourceTree = "<group>"; };
		900EBCDF27D35D1C00E20FE4 /* CloseSheetItem.swift */ = {isa = PBXFileReference; lastKnownFileType = sourcecode.swift; path = CloseSheetItem.swift; sourceTree = "<group>"; };
		900EBCE127D35E3500E20FE4 /* LawInfoView.swift */ = {isa = PBXFileReference; lastKnownFileType = sourcecode.swift; path = LawInfoView.swift; sourceTree = "<group>"; };
		900EBCE327D35EAE00E20FE4 /* IconButton.swift */ = {isa = PBXFileReference; lastKnownFileType = sourcecode.swift; path = IconButton.swift; sourceTree = "<group>"; };
		900EBCE527D35FDE00E20FE4 /* LocalProvider.swift */ = {isa = PBXFileReference; lastKnownFileType = sourcecode.swift; path = LocalProvider.swift; sourceTree = "<group>"; };
		900EBCE927D3621700E20FE4 /* Law.swift */ = {isa = PBXFileReference; lastKnownFileType = sourcecode.swift; path = Law.swift; sourceTree = "<group>"; };
		900EBCEC27D3815900E20FE4 /* LawData.xcdatamodel */ = {isa = PBXFileReference; lastKnownFileType = wrapper.xcdatamodel; path = LawData.xcdatamodel; sourceTree = "<group>"; };
		9016D22327E61BEA0027D69D /* Alert.swift */ = {isa = PBXFileReference; lastKnownFileType = sourcecode.swift; path = Alert.swift; sourceTree = "<group>"; };
		90193EF727F57E78008CF0A6 /* ContentView.swift */ = {isa = PBXFileReference; lastKnownFileType = sourcecode.swift; path = ContentView.swift; sourceTree = "<group>"; };
		90193EF927F57E93008CF0A6 /* LawListViewModel.swift */ = {isa = PBXFileReference; lastKnownFileType = sourcecode.swift; path = LawListViewModel.swift; sourceTree = "<group>"; };
		90193EFB27F5985E008CF0A6 /* View.swift */ = {isa = PBXFileReference; lastKnownFileType = sourcecode.swift; path = View.swift; sourceTree = "<group>"; };
		90193EFD27F599A5008CF0A6 /* WelcomeView.swift */ = {isa = PBXFileReference; lastKnownFileType = sourcecode.swift; path = WelcomeView.swift; sourceTree = "<group>"; };
		90193EFF27F5A376008CF0A6 /* Consts.swift */ = {isa = PBXFileReference; lastKnownFileType = sourcecode.swift; path = Consts.swift; sourceTree = "<group>"; };
		90193F0127F6B066008CF0A6 /* TestRegularExp.swift */ = {isa = PBXFileReference; lastKnownFileType = sourcecode.swift; path = TestRegularExp.swift; sourceTree = "<group>"; };
		901AE3B127FFFBB100D5D275 /* TestStringExtension.swift */ = {isa = PBXFileReference; lastKnownFileType = sourcecode.swift; path = TestStringExtension.swift; sourceTree = "<group>"; };
		901D199D2847565C00999AE6 /* QRCode.swift */ = {isa = PBXFileReference; fileEncoding = 4; lastKnownFileType = sourcecode.swift; path = QRCode.swift; sourceTree = "<group>"; };
		901D199E2847565C00999AE6 /* Snapshot.swift */ = {isa = PBXFileReference; fileEncoding = 4; lastKnownFileType = sourcecode.swift; path = Snapshot.swift; sourceTree = "<group>"; };
		901D19A1284756A200999AE6 /* ShareByPhotoView.swift */ = {isa = PBXFileReference; lastKnownFileType = sourcecode.swift; path = ShareByPhotoView.swift; sourceTree = "<group>"; };
		902DAE5427C7CBC100926036 /* 中国法律.app */ = {isa = PBXFileReference; explicitFileType = wrapper.application; includeInIndex = 0; path = "中国法律.app"; sourceTree = BUILT_PRODUCTS_DIR; };
		902DAE5727C7CBC100926036 /* App.swift */ = {isa = PBXFileReference; lastKnownFileType = sourcecode.swift; path = App.swift; sourceTree = "<group>"; };
		902DAE5B27C7CBC200926036 /* Assets.xcassets */ = {isa = PBXFileReference; lastKnownFileType = folder.assetcatalog; path = Assets.xcassets; sourceTree = "<group>"; };
		902DAE5E27C7CBC200926036 /* Preview Assets.xcassets */ = {isa = PBXFileReference; lastKnownFileType = folder.assetcatalog; path = "Preview Assets.xcassets"; sourceTree = "<group>"; };
		9035982B27C9012B00C8D9E7 /* LawContent.swift */ = {isa = PBXFileReference; lastKnownFileType = sourcecode.swift; path = LawContent.swift; sourceTree = "<group>"; };
		9035983927C9F57D00C8D9E7 /* LawContentView.swift */ = {isa = PBXFileReference; lastKnownFileType = sourcecode.swift; path = LawContentView.swift; sourceTree = "<group>"; };
		9035983B27C9F96400C8D9E7 /* SettingView.swift */ = {isa = PBXFileReference; lastKnownFileType = sourcecode.swift; path = SettingView.swift; sourceTree = "<group>"; };
		903A8901280C145300EECBC7 /* SearchHistoryView.swift */ = {isa = PBXFileReference; lastKnownFileType = sourcecode.swift; path = SearchHistoryView.swift; sourceTree = "<group>"; };
		903A8903280C2D7C00EECBC7 /* LawContentViewModel.swift */ = {isa = PBXFileReference; lastKnownFileType = sourcecode.swift; path = LawContentViewModel.swift; sourceTree = "<group>"; };
		903F5325280E555200D4523D /* Persistence.swift */ = {isa = PBXFileReference; lastKnownFileType = sourcecode.swift; path = Persistence.swift; sourceTree = "<group>"; };
		903F5327280E5C6D00D4523D /* StoreKit.framework */ = {isa = PBXFileReference; lastKnownFileType = wrapper.framework; name = StoreKit.framework; path = System/Library/Frameworks/StoreKit.framework; sourceTree = SDKROOT; };
		903F532A280E5CA100D4523D /* InAppPurchaseHandler.swift */ = {isa = PBXFileReference; lastKnownFileType = sourcecode.swift; path = InAppPurchaseHandler.swift; sourceTree = "<group>"; };
		903F532C280E5D4600D4523D /* InAppPurchaseView.swift */ = {isa = PBXFileReference; lastKnownFileType = sourcecode.swift; path = InAppPurchaseView.swift; sourceTree = "<group>"; };
		903F532E280E5DC000D4523D /* InAppPurchaseViewModel.swift */ = {isa = PBXFileReference; lastKnownFileType = sourcecode.swift; path = InAppPurchaseViewModel.swift; sourceTree = "<group>"; };
		905B83D527F83BFD00F951E9 /* FileUtil.swift */ = {isa = PBXFileReference; lastKnownFileType = sourcecode.swift; path = FileUtil.swift; sourceTree = "<group>"; };
		906E36A328053BF400A5CC39 /* Safari.swift */ = {isa = PBXFileReference; fileEncoding = 4; lastKnownFileType = sourcecode.swift; path = Safari.swift; sourceTree = "<group>"; };
		909AE291281F6B3A008679C4 /* LawDatabase.swift */ = {isa = PBXFileReference; lastKnownFileType = sourcecode.swift; path = LawDatabase.swift; sourceTree = "<group>"; };
		90A22C26281FCFB300B5DC24 /* TLaw.swift */ = {isa = PBXFileReference; lastKnownFileType = sourcecode.swift; path = TLaw.swift; sourceTree = "<group>"; };
		90A22C29281FCFEC00B5DC24 /* TCategory.swift */ = {isa = PBXFileReference; lastKnownFileType = sourcecode.swift; path = TCategory.swift; sourceTree = "<group>"; };
		90A22C2B2820DDBD00B5DC24 /* TestData.swift */ = {isa = PBXFileReference; lastKnownFileType = sourcecode.swift; path = TestData.swift; sourceTree = "<group>"; };
		90A22C31282239FA00B5DC24 /* SheetManager.swift */ = {isa = PBXFileReference; fileEncoding = 4; lastKnownFileType = sourcecode.swift; path = SheetManager.swift; sourceTree = "<group>"; };
		90A79117280D0AD3003367CB /* SearchHistoryUtil.swift */ = {isa = PBXFileReference; lastKnownFileType = sourcecode.swift; path = SearchHistoryUtil.swift; sourceTree = "<group>"; };
		90A79119280D34ED003367CB /* RefBook.entitlements */ = {isa = PBXFileReference; lastKnownFileType = text.plist.entitlements; path = RefBook.entitlements; sourceTree = "<group>"; };
		90A7911A280D34F0003367CB /* CloudKit.framework */ = {isa = PBXFileReference; lastKnownFileType = wrapper.framework; name = CloudKit.framework; path = System/Library/Frameworks/CloudKit.framework; sourceTree = SDKROOT; };
		90A7911C280D419F003367CB /* info.plist */ = {isa = PBXFileReference; lastKnownFileType = text.plist.xml; path = info.plist; sourceTree = "<group>"; };
		90B74D7727E4DB1B00723535 /* Spotlight.swift */ = {isa = PBXFileReference; lastKnownFileType = sourcecode.swift; path = Spotlight.swift; sourceTree = "<group>"; };
/* End PBXFileReference section */

/* Begin PBXFrameworksBuildPhase section */
		16C0010D27E43AA100AB6446 /* Frameworks */ = {
			isa = PBXFrameworksBuildPhase;
			buildActionMask = 2147483647;
			files = (
			);
			runOnlyForDeploymentPostprocessing = 0;
		};
		902DAE5127C7CBC100926036 /* Frameworks */ = {
			isa = PBXFrameworksBuildPhase;
			buildActionMask = 2147483647;
			files = (
				909AE295281F6B84008679C4 /* SQLite in Frameworks */,
				90AC432528124E8600AFECB8 /* SPAlert in Frameworks */,
				90A7911B280D34F0003367CB /* CloudKit.framework in Frameworks */,
				903F5328280E5C6D00D4523D /* StoreKit.framework in Frameworks */,
			);
			runOnlyForDeploymentPostprocessing = 0;
		};
/* End PBXFrameworksBuildPhase section */

/* Begin PBXGroup section */
		16C0011127E43AA100AB6446 /* UnitTests */ = {
			isa = PBXGroup;
			children = (
				16C0011227E43AA100AB6446 /* TestLawContent.swift */,
				90193F0127F6B066008CF0A6 /* TestRegularExp.swift */,
				901AE3B127FFFBB100D5D275 /* TestStringExtension.swift */,
				90A22C2B2820DDBD00B5DC24 /* TestData.swift */,
			);
			path = UnitTests;
			sourceTree = "<group>";
		};
		900EBCDB27D35C9D00E20FE4 /* Resources */ = {
			isa = PBXGroup;
			children = (
				90A7911C280D419F003367CB /* info.plist */,
				90A79119280D34ED003367CB /* RefBook.entitlements */,
				902DAE5B27C7CBC200926036 /* Assets.xcassets */,
				900EBCEB27D3815900E20FE4 /* LawData.xcdatamodeld */,
			);
			path = Resources;
			sourceTree = "<group>";
		};
		900EBCDC27D35CB800E20FE4 /* Views */ = {
			isa = PBXGroup;
			children = (
				9016D22227E61BBF0027D69D /* Ext */,
				16D28E9B27CF829A001FB6B8 /* FavoriteView.swift */,
				90193EF727F57E78008CF0A6 /* ContentView.swift */,
				9035983927C9F57D00C8D9E7 /* LawContentView.swift */,
				900EBCE127D35E3500E20FE4 /* LawInfoView.swift */,
				1632AD3427D5CAD200B42167 /* TOCView.swift */,
				1632AD3627D6277F00B42167 /* WhatNewView.swift */,
				1632AD3E27D8719600B42167 /* SettingFont.swift */,
				9035983B27C9F96400C8D9E7 /* SettingView.swift */,
				16C3362B27DB182500D3F1F0 /* LicenseView.swift */,
				90193EFD27F599A5008CF0A6 /* WelcomeView.swift */,
				903A8901280C145300EECBC7 /* SearchHistoryView.swift */,
				901D19A1284756A200999AE6 /* ShareByPhotoView.swift */,
			);
			path = Views;
			sourceTree = "<group>";
		};
		900EBCDD27D35CCB00E20FE4 /* Models */ = {
			isa = PBXGroup;
			children = (
				9035982B27C9012B00C8D9E7 /* LawContent.swift */,
				900EBCE927D3621700E20FE4 /* Law.swift */,
				90193EF927F57E93008CF0A6 /* LawListViewModel.swift */,
				903A8903280C2D7C00EECBC7 /* LawContentViewModel.swift */,
			);
			path = Models;
			sourceTree = "<group>";
		};
		900EBCDE27D35CEF00E20FE4 /* Toolbar Items */ = {
			isa = PBXGroup;
			children = (
				900EBCDF27D35D1C00E20FE4 /* CloseSheetItem.swift */,
				900EBCE327D35EAE00E20FE4 /* IconButton.swift */,
			);
			path = "Toolbar Items";
			sourceTree = "<group>";
		};
		900EBCEE27D3844600E20FE4 /* Frameworks */ = {
			isa = PBXGroup;
			children = (
				903F5327280E5C6D00D4523D /* StoreKit.framework */,
				90A7911A280D34F0003367CB /* CloudKit.framework */,
				16C0011C27E44BE800AB6446 /* XCTest.framework */,
			);
			name = Frameworks;
			sourceTree = "<group>";
		};
		900EBCF127D38AFF00E20FE4 /* Handbook */ = {
			isa = PBXGroup;
			children = (
				902DAE5727C7CBC100926036 /* App.swift */,
				90B74D7727E4DB1B00723535 /* Spotlight.swift */,
				90193EFF27F5A376008CF0A6 /* Consts.swift */,
				909AE28E281F6B1F008679C4 /* Provider */,
				905B83D427F83BEF00F951E9 /* Utils */,
				900EBCDE27D35CEF00E20FE4 /* Toolbar Items */,
				903F5329280E5C7D00D4523D /* IAP */,
				900EBCDD27D35CCB00E20FE4 /* Models */,
				900EBCDC27D35CB800E20FE4 /* Views */,
				900EBCDB27D35C9D00E20FE4 /* Resources */,
			);
			path = Handbook;
			sourceTree = "<group>";
		};
		9016D22227E61BBF0027D69D /* Ext */ = {
			isa = PBXGroup;
			children = (
				901D199D2847565C00999AE6 /* QRCode.swift */,
				901D199E2847565C00999AE6 /* Snapshot.swift */,
				906E36A328053BF400A5CC39 /* Safari.swift */,
				9016D22327E61BEA0027D69D /* Alert.swift */,
				90193EFB27F5985E008CF0A6 /* View.swift */,
			);
			path = Ext;
			sourceTree = "<group>";
		};
		902DAE4B27C7CBC100926036 = {
			isa = PBXGroup;
			children = (
				16151CAD27E842E500E09E0C /* Laws */,
				16C3362D27DB18D700D3F1F0 /* LICENSE */,
				16C0011127E43AA100AB6446 /* UnitTests */,
				902DAE5527C7CBC100926036 /* Products */,
				900EBCF127D38AFF00E20FE4 /* Handbook */,
				902DAE5D27C7CBC200926036 /* Preview Content */,
				900EBCEE27D3844600E20FE4 /* Frameworks */,
			);
			sourceTree = "<group>";
		};
		902DAE5527C7CBC100926036 /* Products */ = {
			isa = PBXGroup;
			children = (
				902DAE5427C7CBC100926036 /* 中国法律.app */,
				16C0011027E43AA100AB6446 /* UnitTests.xctest */,
			);
			name = Products;
			sourceTree = "<group>";
		};
		902DAE5D27C7CBC200926036 /* Preview Content */ = {
			isa = PBXGroup;
			children = (
				902DAE5E27C7CBC200926036 /* Preview Assets.xcassets */,
			);
			path = "Preview Content";
			sourceTree = "<group>";
		};
		903F5329280E5C7D00D4523D /* IAP */ = {
			isa = PBXGroup;
			children = (
				903F532A280E5CA100D4523D /* InAppPurchaseHandler.swift */,
				903F532C280E5D4600D4523D /* InAppPurchaseView.swift */,
				903F532E280E5DC000D4523D /* InAppPurchaseViewModel.swift */,
			);
			path = IAP;
			sourceTree = "<group>";
		};
		905B83D427F83BEF00F951E9 /* Utils */ = {
			isa = PBXGroup;
			children = (
				90A22C31282239FA00B5DC24 /* SheetManager.swift */,
				16BA35C627CDDE8700694880 /* Util.swift */,
				905B83D527F83BFD00F951E9 /* FileUtil.swift */,
				90A79117280D0AD3003367CB /* SearchHistoryUtil.swift */,
			);
			path = Utils;
			sourceTree = "<group>";
		};
		909AE28E281F6B1F008679C4 /* Provider */ = {
			isa = PBXGroup;
			children = (
				90A22C25281FCFA900B5DC24 /* Tables */,
				903F5325280E555200D4523D /* Persistence.swift */,
				909AE291281F6B3A008679C4 /* LawDatabase.swift */,
				900EBCE527D35FDE00E20FE4 /* LocalProvider.swift */,
			);
			path = Provider;
			sourceTree = "<group>";
		};
		90A22C25281FCFA900B5DC24 /* Tables */ = {
			isa = PBXGroup;
			children = (
				90A22C26281FCFB300B5DC24 /* TLaw.swift */,
				90A22C29281FCFEC00B5DC24 /* TCategory.swift */,
			);
			path = Tables;
			sourceTree = "<group>";
		};
/* End PBXGroup section */

/* Begin PBXNativeTarget section */
		16C0010F27E43AA100AB6446 /* UnitTests */ = {
			isa = PBXNativeTarget;
			buildConfigurationList = 16C0011827E43AA100AB6446 /* Build configuration list for PBXNativeTarget "UnitTests" */;
			buildPhases = (
				16C0010C27E43AA100AB6446 /* Sources */,
				16C0010D27E43AA100AB6446 /* Frameworks */,
				16C0010E27E43AA100AB6446 /* Resources */,
			);
			buildRules = (
			);
			dependencies = (
				16C0011527E43AA100AB6446 /* PBXTargetDependency */,
			);
			name = UnitTests;
			productName = UnitTests;
			productReference = 16C0011027E43AA100AB6446 /* UnitTests.xctest */;
			productType = "com.apple.product-type.bundle.unit-test";
		};
		902DAE5327C7CBC100926036 /* RefBook */ = {
			isa = PBXNativeTarget;
			buildConfigurationList = 902DAE6227C7CBC200926036 /* Build configuration list for PBXNativeTarget "RefBook" */;
			buildPhases = (
				902DAE5027C7CBC100926036 /* Sources */,
				902DAE5127C7CBC100926036 /* Frameworks */,
				902DAE5227C7CBC100926036 /* Resources */,
			);
			buildRules = (
			);
			dependencies = (
			);
			name = RefBook;
			packageProductDependencies = (
				90AC432428124E8600AFECB8 /* SPAlert */,
				909AE294281F6B84008679C4 /* SQLite */,
			);
			productName = law.handbook;
			productReference = 902DAE5427C7CBC100926036 /* 中国法律.app */;
			productType = "com.apple.product-type.application";
		};
/* End PBXNativeTarget section */

/* Begin PBXProject section */
		902DAE4C27C7CBC100926036 /* Project object */ = {
			isa = PBXProject;
			attributes = {
				BuildIndependentTargetsInParallel = 1;
				LastSwiftUpdateCheck = 1330;
				LastUpgradeCheck = 1320;
				TargetAttributes = {
					16C0010F27E43AA100AB6446 = {
						CreatedOnToolsVersion = 13.3;
						TestTargetID = 902DAE5327C7CBC100926036;
					};
					902DAE5327C7CBC100926036 = {
						CreatedOnToolsVersion = 13.2.1;
					};
				};
			};
			buildConfigurationList = 902DAE4F27C7CBC100926036 /* Build configuration list for PBXProject "law.handbook" */;
			compatibilityVersion = "Xcode 13.0";
			developmentRegion = "zh-Hans";
			hasScannedForEncodings = 0;
			knownRegions = (
				"zh-Hans",
			);
			mainGroup = 902DAE4B27C7CBC100926036;
			packageReferences = (
				90AC432328124E8600AFECB8 /* XCRemoteSwiftPackageReference "SPAlert" */,
				909AE293281F6B84008679C4 /* XCRemoteSwiftPackageReference "SQLite.swift" */,
			);
			productRefGroup = 902DAE5527C7CBC100926036 /* Products */;
			projectDirPath = "";
			projectRoot = "";
			targets = (
				902DAE5327C7CBC100926036 /* RefBook */,
				16C0010F27E43AA100AB6446 /* UnitTests */,
			);
		};
/* End PBXProject section */

/* Begin PBXResourcesBuildPhase section */
		16C0010E27E43AA100AB6446 /* Resources */ = {
			isa = PBXResourcesBuildPhase;
			buildActionMask = 2147483647;
			files = (
			);
			runOnlyForDeploymentPostprocessing = 0;
		};
		902DAE5227C7CBC100926036 /* Resources */ = {
			isa = PBXResourcesBuildPhase;
			buildActionMask = 2147483647;
			files = (
				902DAE5F27C7CBC200926036 /* Preview Assets.xcassets in Resources */,
				902DAE5C27C7CBC200926036 /* Assets.xcassets in Resources */,
				16C3362E27DB18D700D3F1F0 /* LICENSE in Resources */,
				16151CAE27E842E500E09E0C /* Laws in Resources */,
			);
			runOnlyForDeploymentPostprocessing = 0;
		};
/* End PBXResourcesBuildPhase section */

/* Begin PBXSourcesBuildPhase section */
		16C0010C27E43AA100AB6446 /* Sources */ = {
			isa = PBXSourcesBuildPhase;
			buildActionMask = 2147483647;
			files = (
				90193F0227F6B066008CF0A6 /* TestRegularExp.swift in Sources */,
				16C0011A27E44A5700AB6446 /* TestLawContent.swift in Sources */,
				901AE3B227FFFBB100D5D275 /* TestStringExtension.swift in Sources */,
				90A22C2C2820DDBD00B5DC24 /* TestData.swift in Sources */,
			);
			runOnlyForDeploymentPostprocessing = 0;
		};
		902DAE5027C7CBC100926036 /* Sources */ = {
			isa = PBXSourcesBuildPhase;
			buildActionMask = 2147483647;
			files = (
				903F532D280E5D4600D4523D /* InAppPurchaseView.swift in Sources */,
				90A22C32282239FA00B5DC24 /* SheetManager.swift in Sources */,
				900EBCED27D3815900E20FE4 /* LawData.xcdatamodeld in Sources */,
				90193F0027F5A376008CF0A6 /* Consts.swift in Sources */,
				900EBCE027D35D1C00E20FE4 /* CloseSheetItem.swift in Sources */,
				90193EFC27F5985E008CF0A6 /* View.swift in Sources */,
				90193EF827F57E78008CF0A6 /* ContentView.swift in Sources */,
				909AE292281F6B3A008679C4 /* LawDatabase.swift in Sources */,
				900EBCE627D35FDE00E20FE4 /* LocalProvider.swift in Sources */,
				901D199F2847565C00999AE6 /* QRCode.swift in Sources */,
				16C3362C27DB182500D3F1F0 /* LicenseView.swift in Sources */,
				9035983C27C9F96400C8D9E7 /* SettingView.swift in Sources */,
				90A79118280D0AD3003367CB /* SearchHistoryUtil.swift in Sources */,
				90A22C27281FCFB300B5DC24 /* TLaw.swift in Sources */,
				903F532B280E5CA100D4523D /* InAppPurchaseHandler.swift in Sources */,
				903F5326280E555200D4523D /* Persistence.swift in Sources */,
				90B74D7827E4DB1B00723535 /* Spotlight.swift in Sources */,
				1632AD3727D6277F00B42167 /* WhatNewView.swift in Sources */,
				903F532F280E5DC000D4523D /* InAppPurchaseViewModel.swift in Sources */,
				9035983A27C9F57D00C8D9E7 /* LawContentView.swift in Sources */,
				900EBCE427D35EAE00E20FE4 /* IconButton.swift in Sources */,
				90193EFE27F599A5008CF0A6 /* WelcomeView.swift in Sources */,
				900EBCEA27D3621700E20FE4 /* Law.swift in Sources */,
				90193EFA27F57E93008CF0A6 /* LawListViewModel.swift in Sources */,
				906E36A428053BF400A5CC39 /* Safari.swift in Sources */,
				902DAE5827C7CBC100926036 /* App.swift in Sources */,
				1632AD3F27D8719600B42167 /* SettingFont.swift in Sources */,
				16BA35C727CDDE8700694880 /* Util.swift in Sources */,
				16D28E9C27CF829A001FB6B8 /* FavoriteView.swift in Sources */,
				1632AD3527D5CAD200B42167 /* TOCView.swift in Sources */,
				9035982C27C9012B00C8D9E7 /* LawContent.swift in Sources */,
				901D19A2284756A200999AE6 /* ShareByPhotoView.swift in Sources */,
				901D19A02847565C00999AE6 /* Snapshot.swift in Sources */,
				903A8904280C2D7C00EECBC7 /* LawContentViewModel.swift in Sources */,
				9016D22427E61BEA0027D69D /* Alert.swift in Sources */,
				90A22C2A281FCFEC00B5DC24 /* TCategory.swift in Sources */,
				900EBCE227D35E3500E20FE4 /* LawInfoView.swift in Sources */,
				905B83D627F83BFD00F951E9 /* FileUtil.swift in Sources */,
				903A8902280C145300EECBC7 /* SearchHistoryView.swift in Sources */,
			);
			runOnlyForDeploymentPostprocessing = 0;
		};
/* End PBXSourcesBuildPhase section */

/* Begin PBXTargetDependency section */
		16C0011527E43AA100AB6446 /* PBXTargetDependency */ = {
			isa = PBXTargetDependency;
			target = 902DAE5327C7CBC100926036 /* RefBook */;
			targetProxy = 16C0011427E43AA100AB6446 /* PBXContainerItemProxy */;
		};
/* End PBXTargetDependency section */

/* Begin XCBuildConfiguration section */
		16C0011627E43AA100AB6446 /* Debug */ = {
			isa = XCBuildConfiguration;
			buildSettings = {
				BUNDLE_LOADER = "$(TEST_HOST)";
				CODE_SIGN_STYLE = Automatic;
				CURRENT_PROJECT_VERSION = 166;
				DEVELOPMENT_TEAM = YFKW2KV54P;
				GENERATE_INFOPLIST_FILE = YES;
				IPHONEOS_DEPLOYMENT_TARGET = 15.0;
				MARKETING_VERSION = 0.4.0;
				PRODUCT_BUNDLE_IDENTIFIER = "xyz.rankkki.law-handbook.UnitTests";
				PRODUCT_NAME = "$(TARGET_NAME)";
				SWIFT_EMIT_LOC_STRINGS = NO;
				SWIFT_VERSION = 5.0;
				TARGETED_DEVICE_FAMILY = "1,2";
				TEST_HOST = "$(BUILT_PRODUCTS_DIR)/中国法律.app/中国法律";
			};
			name = Debug;
		};
		16C0011727E43AA100AB6446 /* Release */ = {
			isa = XCBuildConfiguration;
			buildSettings = {
				BUNDLE_LOADER = "$(TEST_HOST)";
				CODE_SIGN_STYLE = Automatic;
				CURRENT_PROJECT_VERSION = 166;
				DEVELOPMENT_TEAM = YFKW2KV54P;
				GENERATE_INFOPLIST_FILE = YES;
				IPHONEOS_DEPLOYMENT_TARGET = 15.0;
				MARKETING_VERSION = 0.4.0;
				PRODUCT_BUNDLE_IDENTIFIER = "xyz.rankkki.law-handbook.UnitTests";
				PRODUCT_NAME = "$(TARGET_NAME)";
				SWIFT_EMIT_LOC_STRINGS = NO;
				SWIFT_VERSION = 5.0;
				TARGETED_DEVICE_FAMILY = "1,2";
				TEST_HOST = "$(BUILT_PRODUCTS_DIR)/中国法律.app/中国法律";
			};
			name = Release;
		};
		902DAE6027C7CBC200926036 /* Debug */ = {
			isa = XCBuildConfiguration;
			buildSettings = {
				ALWAYS_SEARCH_USER_PATHS = NO;
				CLANG_ANALYZER_NONNULL = YES;
				CLANG_ANALYZER_NUMBER_OBJECT_CONVERSION = YES_AGGRESSIVE;
				CLANG_CXX_LANGUAGE_STANDARD = "gnu++17";
				CLANG_CXX_LIBRARY = "libc++";
				CLANG_ENABLE_MODULES = YES;
				CLANG_ENABLE_OBJC_ARC = YES;
				CLANG_ENABLE_OBJC_WEAK = YES;
				CLANG_WARN_BLOCK_CAPTURE_AUTORELEASING = YES;
				CLANG_WARN_BOOL_CONVERSION = YES;
				CLANG_WARN_COMMA = YES;
				CLANG_WARN_CONSTANT_CONVERSION = YES;
				CLANG_WARN_DEPRECATED_OBJC_IMPLEMENTATIONS = YES;
				CLANG_WARN_DIRECT_OBJC_ISA_USAGE = YES_ERROR;
				CLANG_WARN_DOCUMENTATION_COMMENTS = YES;
				CLANG_WARN_EMPTY_BODY = YES;
				CLANG_WARN_ENUM_CONVERSION = YES;
				CLANG_WARN_INFINITE_RECURSION = YES;
				CLANG_WARN_INT_CONVERSION = YES;
				CLANG_WARN_NON_LITERAL_NULL_CONVERSION = YES;
				CLANG_WARN_OBJC_IMPLICIT_RETAIN_SELF = YES;
				CLANG_WARN_OBJC_LITERAL_CONVERSION = YES;
				CLANG_WARN_OBJC_ROOT_CLASS = YES_ERROR;
				CLANG_WARN_QUOTED_INCLUDE_IN_FRAMEWORK_HEADER = YES;
				CLANG_WARN_RANGE_LOOP_ANALYSIS = YES;
				CLANG_WARN_STRICT_PROTOTYPES = YES;
				CLANG_WARN_SUSPICIOUS_MOVE = YES;
				CLANG_WARN_UNGUARDED_AVAILABILITY = YES_AGGRESSIVE;
				CLANG_WARN_UNREACHABLE_CODE = YES;
				CLANG_WARN__DUPLICATE_METHOD_MATCH = YES;
				COPY_PHASE_STRIP = NO;
				DEBUG_INFORMATION_FORMAT = dwarf;
				ENABLE_STRICT_OBJC_MSGSEND = YES;
				ENABLE_TESTABILITY = YES;
				GCC_C_LANGUAGE_STANDARD = gnu11;
				GCC_DYNAMIC_NO_PIC = NO;
				GCC_NO_COMMON_BLOCKS = YES;
				GCC_OPTIMIZATION_LEVEL = 0;
				GCC_PREPROCESSOR_DEFINITIONS = (
					"DEBUG=1",
					"$(inherited)",
				);
				GCC_WARN_64_TO_32_BIT_CONVERSION = YES;
				GCC_WARN_ABOUT_RETURN_TYPE = YES_ERROR;
				GCC_WARN_UNDECLARED_SELECTOR = YES;
				GCC_WARN_UNINITIALIZED_AUTOS = YES_AGGRESSIVE;
				GCC_WARN_UNUSED_FUNCTION = YES;
				GCC_WARN_UNUSED_VARIABLE = YES;
				IPHONEOS_DEPLOYMENT_TARGET = 15.0;
				MTL_ENABLE_DEBUG_INFO = INCLUDE_SOURCE;
				MTL_FAST_MATH = YES;
				ONLY_ACTIVE_ARCH = YES;
				SDKROOT = iphoneos;
				SWIFT_ACTIVE_COMPILATION_CONDITIONS = DEBUG;
				SWIFT_OPTIMIZATION_LEVEL = "-Onone";
			};
			name = Debug;
		};
		902DAE6127C7CBC200926036 /* Release */ = {
			isa = XCBuildConfiguration;
			buildSettings = {
				ALWAYS_SEARCH_USER_PATHS = NO;
				CLANG_ANALYZER_NONNULL = YES;
				CLANG_ANALYZER_NUMBER_OBJECT_CONVERSION = YES_AGGRESSIVE;
				CLANG_CXX_LANGUAGE_STANDARD = "gnu++17";
				CLANG_CXX_LIBRARY = "libc++";
				CLANG_ENABLE_MODULES = YES;
				CLANG_ENABLE_OBJC_ARC = YES;
				CLANG_ENABLE_OBJC_WEAK = YES;
				CLANG_WARN_BLOCK_CAPTURE_AUTORELEASING = YES;
				CLANG_WARN_BOOL_CONVERSION = YES;
				CLANG_WARN_COMMA = YES;
				CLANG_WARN_CONSTANT_CONVERSION = YES;
				CLANG_WARN_DEPRECATED_OBJC_IMPLEMENTATIONS = YES;
				CLANG_WARN_DIRECT_OBJC_ISA_USAGE = YES_ERROR;
				CLANG_WARN_DOCUMENTATION_COMMENTS = YES;
				CLANG_WARN_EMPTY_BODY = YES;
				CLANG_WARN_ENUM_CONVERSION = YES;
				CLANG_WARN_INFINITE_RECURSION = YES;
				CLANG_WARN_INT_CONVERSION = YES;
				CLANG_WARN_NON_LITERAL_NULL_CONVERSION = YES;
				CLANG_WARN_OBJC_IMPLICIT_RETAIN_SELF = YES;
				CLANG_WARN_OBJC_LITERAL_CONVERSION = YES;
				CLANG_WARN_OBJC_ROOT_CLASS = YES_ERROR;
				CLANG_WARN_QUOTED_INCLUDE_IN_FRAMEWORK_HEADER = YES;
				CLANG_WARN_RANGE_LOOP_ANALYSIS = YES;
				CLANG_WARN_STRICT_PROTOTYPES = YES;
				CLANG_WARN_SUSPICIOUS_MOVE = YES;
				CLANG_WARN_UNGUARDED_AVAILABILITY = YES_AGGRESSIVE;
				CLANG_WARN_UNREACHABLE_CODE = YES;
				CLANG_WARN__DUPLICATE_METHOD_MATCH = YES;
				COPY_PHASE_STRIP = NO;
				DEBUG_INFORMATION_FORMAT = "dwarf-with-dsym";
				ENABLE_NS_ASSERTIONS = NO;
				ENABLE_STRICT_OBJC_MSGSEND = YES;
				GCC_C_LANGUAGE_STANDARD = gnu11;
				GCC_NO_COMMON_BLOCKS = YES;
				GCC_WARN_64_TO_32_BIT_CONVERSION = YES;
				GCC_WARN_ABOUT_RETURN_TYPE = YES_ERROR;
				GCC_WARN_UNDECLARED_SELECTOR = YES;
				GCC_WARN_UNINITIALIZED_AUTOS = YES_AGGRESSIVE;
				GCC_WARN_UNUSED_FUNCTION = YES;
				GCC_WARN_UNUSED_VARIABLE = YES;
				IPHONEOS_DEPLOYMENT_TARGET = 15.0;
				MTL_ENABLE_DEBUG_INFO = NO;
				MTL_FAST_MATH = YES;
				SDKROOT = iphoneos;
				SWIFT_COMPILATION_MODE = wholemodule;
				SWIFT_OPTIMIZATION_LEVEL = "-O";
				VALIDATE_PRODUCT = YES;
			};
			name = Release;
		};
		902DAE6327C7CBC200926036 /* Debug */ = {
			isa = XCBuildConfiguration;
			buildSettings = {
				ASSETCATALOG_COMPILER_APPICON_NAME = AppIcon;
				ASSETCATALOG_COMPILER_GLOBAL_ACCENT_COLOR_NAME = AccentColor;
				CODE_SIGN_ENTITLEMENTS = Handbook/Resources/RefBook.entitlements;
				CODE_SIGN_IDENTITY = "Apple Development";
				CODE_SIGN_STYLE = Automatic;
				CURRENT_PROJECT_VERSION = 166;
				DEVELOPMENT_ASSET_PATHS = "\"Preview Content\"";
				DEVELOPMENT_TEAM = YFKW2KV54P;
				ENABLE_PREVIEWS = YES;
				ENABLE_TESTING_SEARCH_PATHS = YES;
				GENERATE_INFOPLIST_FILE = YES;
				INFOPLIST_FILE = Handbook/Resources/info.plist;
				INFOPLIST_KEY_UIApplicationSceneManifest_Generation = YES;
				INFOPLIST_KEY_UIApplicationSupportsIndirectInputEvents = YES;
				INFOPLIST_KEY_UILaunchScreen_Generation = YES;
				INFOPLIST_KEY_UISupportedInterfaceOrientations_iPad = "UIInterfaceOrientationPortrait UIInterfaceOrientationPortraitUpsideDown UIInterfaceOrientationLandscapeLeft UIInterfaceOrientationLandscapeRight";
				INFOPLIST_KEY_UISupportedInterfaceOrientations_iPhone = "UIInterfaceOrientationPortrait UIInterfaceOrientationLandscapeLeft UIInterfaceOrientationLandscapeRight";
				IPHONEOS_DEPLOYMENT_TARGET = 15.0;
				LD_RUNPATH_SEARCH_PATHS = (
					"$(inherited)",
					"@executable_path/Frameworks",
				);
				MARKETING_VERSION = 0.4.0;
				PRODUCT_BUNDLE_IDENTIFIER = "xyz.rankki.law-handbook";
				PRODUCT_NAME = "中国法律";
				PROVISIONING_PROFILE_SPECIFIER = "";
				SUPPORTS_MACCATALYST = NO;
				SWIFT_EMIT_LOC_STRINGS = YES;
				SWIFT_VERSION = 5.0;
				TARGETED_DEVICE_FAMILY = "1,2";
			};
			name = Debug;
		};
		902DAE6427C7CBC200926036 /* Release */ = {
			isa = XCBuildConfiguration;
			buildSettings = {
				ASSETCATALOG_COMPILER_APPICON_NAME = AppIcon;
				ASSETCATALOG_COMPILER_GLOBAL_ACCENT_COLOR_NAME = AccentColor;
				CODE_SIGN_ENTITLEMENTS = Handbook/Resources/RefBook.entitlements;
				CODE_SIGN_IDENTITY = "iPhone Distribution";
				CODE_SIGN_STYLE = Manual;
				CURRENT_PROJECT_VERSION = 166;
				DEVELOPMENT_ASSET_PATHS = "\"Preview Content\"";
				DEVELOPMENT_TEAM = YFKW2KV54P;
				ENABLE_PREVIEWS = YES;
				ENABLE_TESTING_SEARCH_PATHS = YES;
				GENERATE_INFOPLIST_FILE = YES;
				INFOPLIST_FILE = Handbook/Resources/info.plist;
				INFOPLIST_KEY_UIApplicationSceneManifest_Generation = YES;
				INFOPLIST_KEY_UIApplicationSupportsIndirectInputEvents = YES;
				INFOPLIST_KEY_UILaunchScreen_Generation = YES;
				INFOPLIST_KEY_UISupportedInterfaceOrientations_iPad = "UIInterfaceOrientationPortrait UIInterfaceOrientationPortraitUpsideDown UIInterfaceOrientationLandscapeLeft UIInterfaceOrientationLandscapeRight";
				INFOPLIST_KEY_UISupportedInterfaceOrientations_iPhone = "UIInterfaceOrientationPortrait UIInterfaceOrientationLandscapeLeft UIInterfaceOrientationLandscapeRight";
				IPHONEOS_DEPLOYMENT_TARGET = 15.0;
				LD_RUNPATH_SEARCH_PATHS = (
					"$(inherited)",
					"@executable_path/Frameworks",
				);
				MARKETING_VERSION = 0.4.0;
				PRODUCT_BUNDLE_IDENTIFIER = "xyz.rankki.law-handbook";
				PRODUCT_NAME = "中国法律";
				PROVISIONING_PROFILE_SPECIFIER = "match AppStore xyz.rankki.law-handbook";
				SUPPORTS_MACCATALYST = NO;
				SWIFT_EMIT_LOC_STRINGS = YES;
				SWIFT_VERSION = 5.0;
				TARGETED_DEVICE_FAMILY = "1,2";
			};
			name = Release;
		};
/* End XCBuildConfiguration section */

/* Begin XCConfigurationList section */
		16C0011827E43AA100AB6446 /* Build configuration list for PBXNativeTarget "UnitTests" */ = {
			isa = XCConfigurationList;
			buildConfigurations = (
				16C0011627E43AA100AB6446 /* Debug */,
				16C0011727E43AA100AB6446 /* Release */,
			);
			defaultConfigurationIsVisible = 0;
			defaultConfigurationName = Release;
		};
		902DAE4F27C7CBC100926036 /* Build configuration list for PBXProject "law.handbook" */ = {
			isa = XCConfigurationList;
			buildConfigurations = (
				902DAE6027C7CBC200926036 /* Debug */,
				902DAE6127C7CBC200926036 /* Release */,
			);
			defaultConfigurationIsVisible = 0;
			defaultConfigurationName = Release;
		};
		902DAE6227C7CBC200926036 /* Build configuration list for PBXNativeTarget "RefBook" */ = {
			isa = XCConfigurationList;
			buildConfigurations = (
				902DAE6327C7CBC200926036 /* Debug */,
				902DAE6427C7CBC200926036 /* Release */,
			);
			defaultConfigurationIsVisible = 0;
			defaultConfigurationName = Release;
		};
/* End XCConfigurationList section */

/* Begin XCRemoteSwiftPackageReference section */
		909AE293281F6B84008679C4 /* XCRemoteSwiftPackageReference "SQLite.swift" */ = {
			isa = XCRemoteSwiftPackageReference;
			repositoryURL = "https://github.com/stephencelis/SQLite.swift.git";
			requirement = {
				branch = master;
				kind = branch;
			};
		};
		90AC432328124E8600AFECB8 /* XCRemoteSwiftPackageReference "SPAlert" */ = {
			isa = XCRemoteSwiftPackageReference;
			repositoryURL = "https://github.com/ivanvorobei/SPAlert";
			requirement = {
				kind = upToNextMajorVersion;
				minimumVersion = 4.0.0;
			};
		};
/* End XCRemoteSwiftPackageReference section */

/* Begin XCSwiftPackageProductDependency section */
		909AE294281F6B84008679C4 /* SQLite */ = {
			isa = XCSwiftPackageProductDependency;
			package = 909AE293281F6B84008679C4 /* XCRemoteSwiftPackageReference "SQLite.swift" */;
			productName = SQLite;
		};
		90AC432428124E8600AFECB8 /* SPAlert */ = {
			isa = XCSwiftPackageProductDependency;
			package = 90AC432328124E8600AFECB8 /* XCRemoteSwiftPackageReference "SPAlert" */;
			productName = SPAlert;
		};
/* End XCSwiftPackageProductDependency section */

/* Begin XCVersionGroup section */
		900EBCEB27D3815900E20FE4 /* LawData.xcdatamodeld */ = {
			isa = XCVersionGroup;
			children = (
				900EBCEC27D3815900E20FE4 /* LawData.xcdatamodel */,
			);
			currentVersion = 900EBCEC27D3815900E20FE4 /* LawData.xcdatamodel */;
			path = LawData.xcdatamodeld;
			sourceTree = "<group>";
			versionGroupType = wrapper.xcdatamodel;
		};
/* End XCVersionGroup section */
	};
	rootObject = 902DAE4C27C7CBC100926036 /* Project object */;
}
